// !$*UTF8*$!
{
	archiveVersion = 1;
	classes = {
	};
	objectVersion = 56;
	objects = {

/* Begin PBXBuildFile section */
		D03749952AD5625700EAE96A /* Flashcard.swift in Sources */ = {isa = PBXBuildFile; fileRef = D03749942AD5625700EAE96A /* Flashcard.swift */; };
		D03749972AD5627700EAE96A /* FlashcardViewModel.swift in Sources */ = {isa = PBXBuildFile; fileRef = D03749962AD5627700EAE96A /* FlashcardViewModel.swift */; };
		D037499A2AD584D100EAE96A /* AddNewCardView.swift in Sources */ = {isa = PBXBuildFile; fileRef = D03749992AD584D100EAE96A /* AddNewCardView.swift */; };
		D037499C2AD5932A00EAE96A /* UpdateCardView.swift in Sources */ = {isa = PBXBuildFile; fileRef = D037499B2AD5932A00EAE96A /* UpdateCardView.swift */; };
		D038BCE32AF8EEA500F54EBD /* FlashcardView.swift in Sources */ = {isa = PBXBuildFile; fileRef = D038BCE22AF8EEA500F54EBD /* FlashcardView.swift */; };
		D038BCE52AF8EEFB00F54EBD /* FlashcardListView.swift in Sources */ = {isa = PBXBuildFile; fileRef = D038BCE42AF8EEFB00F54EBD /* FlashcardListView.swift */; };
		D04CD3582A80D33D0051296E /* SceneDelegate.swift in Sources */ = {isa = PBXBuildFile; fileRef = D04CD3572A80D33D0051296E /* SceneDelegate.swift */; };
		D04CD35A2A80D33D0051296E /* ContentView.swift in Sources */ = {isa = PBXBuildFile; fileRef = D04CD3592A80D33D0051296E /* ContentView.swift */; };
		D04CD35C2A80D33E0051296E /* Assets.xcassets in Resources */ = {isa = PBXBuildFile; fileRef = D04CD35B2A80D33E0051296E /* Assets.xcassets */; };
		D04CD35F2A80D33E0051296E /* Preview Assets.xcassets in Resources */ = {isa = PBXBuildFile; fileRef = D04CD35E2A80D33E0051296E /* Preview Assets.xcassets */; };
		D04CD3692A80D33E0051296E /* EduMiniTests.swift in Sources */ = {isa = PBXBuildFile; fileRef = D04CD3682A80D33E0051296E /* EduMiniTests.swift */; };
		D04CD3732A80D33E0051296E /* EduMiniUITests.swift in Sources */ = {isa = PBXBuildFile; fileRef = D04CD3722A80D33E0051296E /* EduMiniUITests.swift */; };
		D04CD3752A80D33E0051296E /* EduMiniUITestsLaunchTests.swift in Sources */ = {isa = PBXBuildFile; fileRef = D04CD3742A80D33E0051296E /* EduMiniUITestsLaunchTests.swift */; };
		D04CD3822A80D4370051296E /* GoogleService-Info.plist in Resources */ = {isa = PBXBuildFile; fileRef = D04CD3812A80D4370051296E /* GoogleService-Info.plist */; };
		D04CD3852A80D4A30051296E /* FirebaseAnalytics in Frameworks */ = {isa = PBXBuildFile; productRef = D04CD3842A80D4A30051296E /* FirebaseAnalytics */; };
		D04CD3872A80D4A30051296E /* FirebaseAuth in Frameworks */ = {isa = PBXBuildFile; productRef = D04CD3862A80D4A30051296E /* FirebaseAuth */; };
		D04CD3892A80D4A30051296E /* FirebaseDatabase in Frameworks */ = {isa = PBXBuildFile; productRef = D04CD3882A80D4A30051296E /* FirebaseDatabase */; };
		D04CD38B2A80D4A30051296E /* FirebaseFirestore in Frameworks */ = {isa = PBXBuildFile; productRef = D04CD38A2A80D4A30051296E /* FirebaseFirestore */; };
		D04CD38D2A80D4A30051296E /* FirebaseStorage in Frameworks */ = {isa = PBXBuildFile; productRef = D04CD38C2A80D4A30051296E /* FirebaseStorage */; };
		D04CD3902A80E2810051296E /* HelloPage.swift in Sources */ = {isa = PBXBuildFile; fileRef = D04CD38F2A80E2810051296E /* HelloPage.swift */; };
		D04CD3992A80E40F0051296E /* FirebaseManager.swift in Sources */ = {isa = PBXBuildFile; fileRef = D04CD3982A80E40F0051296E /* FirebaseManager.swift */; };
		D04CD39C2A80E54C0051296E /* AppUser.swift in Sources */ = {isa = PBXBuildFile; fileRef = D04CD39B2A80E54B0051296E /* AppUser.swift */; };
		D04CD39F2A80E6DF0051296E /* LoginView.swift in Sources */ = {isa = PBXBuildFile; fileRef = D04CD39E2A80E6DF0051296E /* LoginView.swift */; };
		D04CD3A22A80E7F30051296E /* TextFieldName.swift in Sources */ = {isa = PBXBuildFile; fileRef = D04CD3A12A80E7F30051296E /* TextFieldName.swift */; };
		D04CD3A42A80E89D0051296E /* LoginEnums.swift in Sources */ = {isa = PBXBuildFile; fileRef = D04CD3A32A80E89D0051296E /* LoginEnums.swift */; };
		D04CD3A62A80E8C70051296E /* CheckValid.swift in Sources */ = {isa = PBXBuildFile; fileRef = D04CD3A52A80E8C70051296E /* CheckValid.swift */; };
		D04CD3A82A80E8E80051296E /* TextFieldHint.swift in Sources */ = {isa = PBXBuildFile; fileRef = D04CD3A72A80E8E80051296E /* TextFieldHint.swift */; };
		D04CD3AA2A80F2D90051296E /* RegisterView.swift in Sources */ = {isa = PBXBuildFile; fileRef = D04CD3A92A80F2D90051296E /* RegisterView.swift */; };
		D04CD3AC2A80F3250051296E /* AppViewModel.swift in Sources */ = {isa = PBXBuildFile; fileRef = D04CD3AB2A80F3250051296E /* AppViewModel.swift */; };
		D04CD3B02A8109880051296E /* MainView.swift in Sources */ = {isa = PBXBuildFile; fileRef = D04CD3AF2A8109880051296E /* MainView.swift */; };
		D061993E2AF1266300A90444 /* MathGamesView.swift in Sources */ = {isa = PBXBuildFile; fileRef = D061993D2AF1266300A90444 /* MathGamesView.swift */; };
		D06199402AF1368A00A90444 /* QuestionView.swift in Sources */ = {isa = PBXBuildFile; fileRef = D061993F2AF1368A00A90444 /* QuestionView.swift */; };
		D06199422AF13E7400A90444 /* Question.swift in Sources */ = {isa = PBXBuildFile; fileRef = D06199412AF13E7400A90444 /* Question.swift */; };
		D06199442AF13FDB00A90444 /* QuestionViewModel.swift in Sources */ = {isa = PBXBuildFile; fileRef = D06199432AF13FDB00A90444 /* QuestionViewModel.swift */; };
		D06543D12AC4071A00072EBA /* AppDelegate.swift in Sources */ = {isa = PBXBuildFile; fileRef = D06543D02AC4071A00072EBA /* AppDelegate.swift */; };
		D06543D32AC4088600072EBA /* UserProfileViewModel.swift in Sources */ = {isa = PBXBuildFile; fileRef = D06543D22AC4088600072EBA /* UserProfileViewModel.swift */; };
		D06543D52AC4089600072EBA /* ParentalControlViewModel.swift in Sources */ = {isa = PBXBuildFile; fileRef = D06543D42AC4089600072EBA /* ParentalControlViewModel.swift */; };
		D06543D92AC424EC00072EBA /* UserSettingViewModel.swift in Sources */ = {isa = PBXBuildFile; fileRef = D06543D82AC424EC00072EBA /* UserSettingViewModel.swift */; };
		D06543DB2AC4433500072EBA /* Task.swift in Sources */ = {isa = PBXBuildFile; fileRef = D06543DA2AC4433500072EBA /* Task.swift */; };
		D06543DD2AC4491200072EBA /* TaskViewModel.swift in Sources */ = {isa = PBXBuildFile; fileRef = D06543DC2AC4491200072EBA /* TaskViewModel.swift */; };
		D06543DF2AC44B6200072EBA /* TaskListViewModel.swift in Sources */ = {isa = PBXBuildFile; fileRef = D06543DE2AC44B6200072EBA /* TaskListViewModel.swift */; };
		D06543E12AC44B7000072EBA /* TaskCellViewModel.swift in Sources */ = {isa = PBXBuildFile; fileRef = D06543E02AC44B7000072EBA /* TaskCellViewModel.swift */; };
		D06543E42AC4553900072EBA /* FirebaseFirestoreSwift in Frameworks */ = {isa = PBXBuildFile; productRef = D06543E32AC4553900072EBA /* FirebaseFirestoreSwift */; };
		D0661A082AD4028A00D21759 /* ChatMessage.swift in Sources */ = {isa = PBXBuildFile; fileRef = D0661A072AD4028A00D21759 /* ChatMessage.swift */; };
		D0661A0A2AD402A100D21759 /* RecentMessage.swift in Sources */ = {isa = PBXBuildFile; fileRef = D0661A092AD402A100D21759 /* RecentMessage.swift */; };
		D0661A0C2AD402EA00D21759 /* FirebaseConstants.swift in Sources */ = {isa = PBXBuildFile; fileRef = D0661A0B2AD402EA00D21759 /* FirebaseConstants.swift */; };
		D0661A0E2AD403CA00D21759 /* MainMessagesViewModel.swift in Sources */ = {isa = PBXBuildFile; fileRef = D0661A0D2AD403CA00D21759 /* MainMessagesViewModel.swift */; };
		D0661A102AD4041700D21759 /* ChatLogViewModel.swift in Sources */ = {isa = PBXBuildFile; fileRef = D0661A0F2AD4041700D21759 /* ChatLogViewModel.swift */; };
		D0661A132AD404BB00D21759 /* MessageView.swift in Sources */ = {isa = PBXBuildFile; fileRef = D0661A122AD404BB00D21759 /* MessageView.swift */; };
		D0661A152AD4065C00D21759 /* AllMessages.swift in Sources */ = {isa = PBXBuildFile; fileRef = D0661A142AD4065C00D21759 /* AllMessages.swift */; };
		D0661A172AD4069600D21759 /* ChatLogView.swift in Sources */ = {isa = PBXBuildFile; fileRef = D0661A162AD4069600D21759 /* ChatLogView.swift */; };
		D0661A192AD406B800D21759 /* MainMessageView.swift in Sources */ = {isa = PBXBuildFile; fileRef = D0661A182AD406B800D21759 /* MainMessageView.swift */; };
		D0661A1D2AD407A700D21759 /* NewMessageUsers.swift in Sources */ = {isa = PBXBuildFile; fileRef = D0661A1C2AD407A700D21759 /* NewMessageUsers.swift */; };
		D06757AA2AA9BF9B00FDA559 /* BalsamiqSans-Bold.ttf in Resources */ = {isa = PBXBuildFile; fileRef = D06757A72AA9BF2E00FDA559 /* BalsamiqSans-Bold.ttf */; };
		D06757AB2AA9BF9B00FDA559 /* BalsamiqSans-BoldItalic.ttf in Resources */ = {isa = PBXBuildFile; fileRef = D06757A92AA9BF2E00FDA559 /* BalsamiqSans-BoldItalic.ttf */; };
		D06757AC2AA9BF9B00FDA559 /* BalsamiqSans-Italic.ttf in Resources */ = {isa = PBXBuildFile; fileRef = D06757A82AA9BF2E00FDA559 /* BalsamiqSans-Italic.ttf */; };
		D06757AD2AA9BF9B00FDA559 /* SF-Compact-Rounded-Medium.otf in Resources */ = {isa = PBXBuildFile; fileRef = D06757A22AA9BAEA00FDA559 /* SF-Compact-Rounded-Medium.otf */; };
		D06757AE2AA9BF9B00FDA559 /* BalsamiqSans-Regular.ttf in Resources */ = {isa = PBXBuildFile; fileRef = D067579D2AA9B7C300FDA559 /* BalsamiqSans-Regular.ttf */; };
		D06757B02AA9E84200FDA559 /* GamesView.swift in Sources */ = {isa = PBXBuildFile; fileRef = D06757AF2AA9E84200FDA559 /* GamesView.swift */; };
		D0C0676F2A9607930023E127 /* ParentalControl.swift in Sources */ = {isa = PBXBuildFile; fileRef = D0C0676E2A9607930023E127 /* ParentalControl.swift */; };
		D0D3E2422B0E06AE00BFA116 /* AddNewQuestion.swift in Sources */ = {isa = PBXBuildFile; fileRef = D0D3E2412B0E06AE00BFA116 /* AddNewQuestion.swift */; };
		D0D3E2442B0E11A800BFA116 /* AllUserQuestions.swift in Sources */ = {isa = PBXBuildFile; fileRef = D0D3E2432B0E11A800BFA116 /* AllUserQuestions.swift */; };
		D0D3E2462B0E2FA200BFA116 /* AuthorView.swift in Sources */ = {isa = PBXBuildFile; fileRef = D0D3E2452B0E2FA200BFA116 /* AuthorView.swift */; };
		D0E4DD972A82866B0039BAE9 /* ProfileView.swift in Sources */ = {isa = PBXBuildFile; fileRef = D0E4DD962A82866B0039BAE9 /* ProfileView.swift */; };
		D0E4DD9B2A88C0BC0039BAE9 /* TaskListView.swift in Sources */ = {isa = PBXBuildFile; fileRef = D0E4DD9A2A88C0BC0039BAE9 /* TaskListView.swift */; };
		D0E4DD9D2A88C1C80039BAE9 /* ChatView.swift in Sources */ = {isa = PBXBuildFile; fileRef = D0E4DD9C2A88C1C80039BAE9 /* ChatView.swift */; };
		D0E4DD9F2A88C3110039BAE9 /* FlashcardsView.swift in Sources */ = {isa = PBXBuildFile; fileRef = D0E4DD9E2A88C3110039BAE9 /* FlashcardsView.swift */; };
		D0E4DDA12A88C3890039BAE9 /* InstructionView.swift in Sources */ = {isa = PBXBuildFile; fileRef = D0E4DDA02A88C3890039BAE9 /* InstructionView.swift */; };
		D0E4DDA92A88E3B60039BAE9 /* PINCheck.swift in Sources */ = {isa = PBXBuildFile; fileRef = D0E4DDA82A88E3B60039BAE9 /* PINCheck.swift */; };
		D0F9BDCA2B0365C3003F6996 /* RankView.swift in Sources */ = {isa = PBXBuildFile; fileRef = D0F9BDC92B0365C3003F6996 /* RankView.swift */; };
		D0F9BDCC2B036C90003F6996 /* RankViewModel.swift in Sources */ = {isa = PBXBuildFile; fileRef = D0F9BDCB2B036C90003F6996 /* RankViewModel.swift */; };
		D0F9D8A92AF3A30900225BF5 /* LevelBox.swift in Sources */ = {isa = PBXBuildFile; fileRef = D0F9D8A82AF3A30900225BF5 /* LevelBox.swift */; };
		D0F9D8AB2AF3A36300225BF5 /* QuizTitle.swift in Sources */ = {isa = PBXBuildFile; fileRef = D0F9D8AA2AF3A36300225BF5 /* QuizTitle.swift */; };
		D0F9D8AE2AF3A41000225BF5 /* Background.swift in Sources */ = {isa = PBXBuildFile; fileRef = D0F9D8AD2AF3A41000225BF5 /* Background.swift */; };
		D0F9D8B02AF3A55000225BF5 /* PolishGamesView.swift in Sources */ = {isa = PBXBuildFile; fileRef = D0F9D8AF2AF3A55000225BF5 /* PolishGamesView.swift */; };
		D0F9D8B22AF3A72800225BF5 /* EnglishGamesView.swift in Sources */ = {isa = PBXBuildFile; fileRef = D0F9D8B12AF3A72800225BF5 /* EnglishGamesView.swift */; };
		D0F9D8B42AF3A87F00225BF5 /* OnlyQuestionView.swift in Sources */ = {isa = PBXBuildFile; fileRef = D0F9D8B32AF3A87F00225BF5 /* OnlyQuestionView.swift */; };
/* End PBXBuildFile section */

/* Begin PBXContainerItemProxy section */
		D04CD3652A80D33E0051296E /* PBXContainerItemProxy */ = {
			isa = PBXContainerItemProxy;
			containerPortal = D04CD34C2A80D33D0051296E /* Project object */;
			proxyType = 1;
			remoteGlobalIDString = D04CD3532A80D33D0051296E;
			remoteInfo = EduMini;
		};
		D04CD36F2A80D33E0051296E /* PBXContainerItemProxy */ = {
			isa = PBXContainerItemProxy;
			containerPortal = D04CD34C2A80D33D0051296E /* Project object */;
			proxyType = 1;
			remoteGlobalIDString = D04CD3532A80D33D0051296E;
			remoteInfo = EduMini;
		};
/* End PBXContainerItemProxy section */

/* Begin PBXFileReference section */
		D03749942AD5625700EAE96A /* Flashcard.swift */ = {isa = PBXFileReference; lastKnownFileType = sourcecode.swift; path = Flashcard.swift; sourceTree = "<group>"; };
		D03749962AD5627700EAE96A /* FlashcardViewModel.swift */ = {isa = PBXFileReference; lastKnownFileType = sourcecode.swift; path = FlashcardViewModel.swift; sourceTree = "<group>"; };
		D03749992AD584D100EAE96A /* AddNewCardView.swift */ = {isa = PBXFileReference; lastKnownFileType = sourcecode.swift; path = AddNewCardView.swift; sourceTree = "<group>"; };
		D037499B2AD5932A00EAE96A /* UpdateCardView.swift */ = {isa = PBXFileReference; lastKnownFileType = sourcecode.swift; path = UpdateCardView.swift; sourceTree = "<group>"; };
		D038BCE22AF8EEA500F54EBD /* FlashcardView.swift */ = {isa = PBXFileReference; lastKnownFileType = sourcecode.swift; path = FlashcardView.swift; sourceTree = "<group>"; };
		D038BCE42AF8EEFB00F54EBD /* FlashcardListView.swift */ = {isa = PBXFileReference; lastKnownFileType = sourcecode.swift; path = FlashcardListView.swift; sourceTree = "<group>"; };
		D04CD3542A80D33D0051296E /* EduMini.app */ = {isa = PBXFileReference; explicitFileType = wrapper.application; includeInIndex = 0; path = EduMini.app; sourceTree = BUILT_PRODUCTS_DIR; };
		D04CD3572A80D33D0051296E /* SceneDelegate.swift */ = {isa = PBXFileReference; lastKnownFileType = sourcecode.swift; path = SceneDelegate.swift; sourceTree = "<group>"; };
		D04CD3592A80D33D0051296E /* ContentView.swift */ = {isa = PBXFileReference; lastKnownFileType = sourcecode.swift; path = ContentView.swift; sourceTree = "<group>"; };
		D04CD35B2A80D33E0051296E /* Assets.xcassets */ = {isa = PBXFileReference; lastKnownFileType = folder.assetcatalog; path = Assets.xcassets; sourceTree = "<group>"; };
		D04CD35E2A80D33E0051296E /* Preview Assets.xcassets */ = {isa = PBXFileReference; lastKnownFileType = folder.assetcatalog; path = "Preview Assets.xcassets"; sourceTree = "<group>"; };
		D04CD3642A80D33E0051296E /* EduMiniTests.xctest */ = {isa = PBXFileReference; explicitFileType = wrapper.cfbundle; includeInIndex = 0; path = EduMiniTests.xctest; sourceTree = BUILT_PRODUCTS_DIR; };
		D04CD3682A80D33E0051296E /* EduMiniTests.swift */ = {isa = PBXFileReference; lastKnownFileType = sourcecode.swift; path = EduMiniTests.swift; sourceTree = "<group>"; };
		D04CD36E2A80D33E0051296E /* EduMiniUITests.xctest */ = {isa = PBXFileReference; explicitFileType = wrapper.cfbundle; includeInIndex = 0; path = EduMiniUITests.xctest; sourceTree = BUILT_PRODUCTS_DIR; };
		D04CD3722A80D33E0051296E /* EduMiniUITests.swift */ = {isa = PBXFileReference; lastKnownFileType = sourcecode.swift; path = EduMiniUITests.swift; sourceTree = "<group>"; };
		D04CD3742A80D33E0051296E /* EduMiniUITestsLaunchTests.swift */ = {isa = PBXFileReference; lastKnownFileType = sourcecode.swift; path = EduMiniUITestsLaunchTests.swift; sourceTree = "<group>"; };
		D04CD3812A80D4370051296E /* GoogleService-Info.plist */ = {isa = PBXFileReference; fileEncoding = 4; lastKnownFileType = text.plist.xml; path = "GoogleService-Info.plist"; sourceTree = "<group>"; };
		D04CD38F2A80E2810051296E /* HelloPage.swift */ = {isa = PBXFileReference; lastKnownFileType = sourcecode.swift; path = HelloPage.swift; sourceTree = "<group>"; };
		D04CD3982A80E40F0051296E /* FirebaseManager.swift */ = {isa = PBXFileReference; lastKnownFileType = sourcecode.swift; path = FirebaseManager.swift; sourceTree = "<group>"; };
		D04CD39B2A80E54B0051296E /* AppUser.swift */ = {isa = PBXFileReference; lastKnownFileType = sourcecode.swift; path = AppUser.swift; sourceTree = "<group>"; };
		D04CD39E2A80E6DF0051296E /* LoginView.swift */ = {isa = PBXFileReference; lastKnownFileType = sourcecode.swift; path = LoginView.swift; sourceTree = "<group>"; };
		D04CD3A12A80E7F30051296E /* TextFieldName.swift */ = {isa = PBXFileReference; lastKnownFileType = sourcecode.swift; path = TextFieldName.swift; sourceTree = "<group>"; };
		D04CD3A32A80E89D0051296E /* LoginEnums.swift */ = {isa = PBXFileReference; lastKnownFileType = sourcecode.swift; path = LoginEnums.swift; sourceTree = "<group>"; };
		D04CD3A52A80E8C70051296E /* CheckValid.swift */ = {isa = PBXFileReference; lastKnownFileType = sourcecode.swift; path = CheckValid.swift; sourceTree = "<group>"; };
		D04CD3A72A80E8E80051296E /* TextFieldHint.swift */ = {isa = PBXFileReference; lastKnownFileType = sourcecode.swift; path = TextFieldHint.swift; sourceTree = "<group>"; };
		D04CD3A92A80F2D90051296E /* RegisterView.swift */ = {isa = PBXFileReference; lastKnownFileType = sourcecode.swift; path = RegisterView.swift; sourceTree = "<group>"; };
		D04CD3AB2A80F3250051296E /* AppViewModel.swift */ = {isa = PBXFileReference; lastKnownFileType = sourcecode.swift; path = AppViewModel.swift; sourceTree = "<group>"; };
		D04CD3AF2A8109880051296E /* MainView.swift */ = {isa = PBXFileReference; lastKnownFileType = sourcecode.swift; path = MainView.swift; sourceTree = "<group>"; tabWidth = 4; };
		D061993D2AF1266300A90444 /* MathGamesView.swift */ = {isa = PBXFileReference; lastKnownFileType = sourcecode.swift; path = MathGamesView.swift; sourceTree = "<group>"; };
		D061993F2AF1368A00A90444 /* QuestionView.swift */ = {isa = PBXFileReference; lastKnownFileType = sourcecode.swift; path = QuestionView.swift; sourceTree = "<group>"; };
		D06199412AF13E7400A90444 /* Question.swift */ = {isa = PBXFileReference; lastKnownFileType = sourcecode.swift; path = Question.swift; sourceTree = "<group>"; };
		D06199432AF13FDB00A90444 /* QuestionViewModel.swift */ = {isa = PBXFileReference; lastKnownFileType = sourcecode.swift; path = QuestionViewModel.swift; sourceTree = "<group>"; };
		D06543D02AC4071A00072EBA /* AppDelegate.swift */ = {isa = PBXFileReference; lastKnownFileType = sourcecode.swift; path = AppDelegate.swift; sourceTree = "<group>"; };
		D06543D22AC4088600072EBA /* UserProfileViewModel.swift */ = {isa = PBXFileReference; lastKnownFileType = sourcecode.swift; path = UserProfileViewModel.swift; sourceTree = "<group>"; };
		D06543D42AC4089600072EBA /* ParentalControlViewModel.swift */ = {isa = PBXFileReference; lastKnownFileType = sourcecode.swift; path = ParentalControlViewModel.swift; sourceTree = "<group>"; };
		D06543D82AC424EC00072EBA /* UserSettingViewModel.swift */ = {isa = PBXFileReference; lastKnownFileType = sourcecode.swift; path = UserSettingViewModel.swift; sourceTree = "<group>"; };
		D06543DA2AC4433500072EBA /* Task.swift */ = {isa = PBXFileReference; lastKnownFileType = sourcecode.swift; path = Task.swift; sourceTree = "<group>"; };
		D06543DC2AC4491200072EBA /* TaskViewModel.swift */ = {isa = PBXFileReference; lastKnownFileType = sourcecode.swift; path = TaskViewModel.swift; sourceTree = "<group>"; };
		D06543DE2AC44B6200072EBA /* TaskListViewModel.swift */ = {isa = PBXFileReference; lastKnownFileType = sourcecode.swift; path = TaskListViewModel.swift; sourceTree = "<group>"; };
		D06543E02AC44B7000072EBA /* TaskCellViewModel.swift */ = {isa = PBXFileReference; lastKnownFileType = sourcecode.swift; path = TaskCellViewModel.swift; sourceTree = "<group>"; };
		D0661A072AD4028A00D21759 /* ChatMessage.swift */ = {isa = PBXFileReference; lastKnownFileType = sourcecode.swift; path = ChatMessage.swift; sourceTree = "<group>"; };
		D0661A092AD402A100D21759 /* RecentMessage.swift */ = {isa = PBXFileReference; lastKnownFileType = sourcecode.swift; path = RecentMessage.swift; sourceTree = "<group>"; };
		D0661A0B2AD402EA00D21759 /* FirebaseConstants.swift */ = {isa = PBXFileReference; lastKnownFileType = sourcecode.swift; path = FirebaseConstants.swift; sourceTree = "<group>"; };
		D0661A0D2AD403CA00D21759 /* MainMessagesViewModel.swift */ = {isa = PBXFileReference; lastKnownFileType = sourcecode.swift; path = MainMessagesViewModel.swift; sourceTree = "<group>"; };
		D0661A0F2AD4041700D21759 /* ChatLogViewModel.swift */ = {isa = PBXFileReference; lastKnownFileType = sourcecode.swift; path = ChatLogViewModel.swift; sourceTree = "<group>"; };
		D0661A122AD404BB00D21759 /* MessageView.swift */ = {isa = PBXFileReference; lastKnownFileType = sourcecode.swift; path = MessageView.swift; sourceTree = "<group>"; };
		D0661A142AD4065C00D21759 /* AllMessages.swift */ = {isa = PBXFileReference; lastKnownFileType = sourcecode.swift; path = AllMessages.swift; sourceTree = "<group>"; };
		D0661A162AD4069600D21759 /* ChatLogView.swift */ = {isa = PBXFileReference; lastKnownFileType = sourcecode.swift; path = ChatLogView.swift; sourceTree = "<group>"; };
		D0661A182AD406B800D21759 /* MainMessageView.swift */ = {isa = PBXFileReference; lastKnownFileType = sourcecode.swift; path = MainMessageView.swift; sourceTree = "<group>"; };
		D0661A1C2AD407A700D21759 /* NewMessageUsers.swift */ = {isa = PBXFileReference; lastKnownFileType = sourcecode.swift; path = NewMessageUsers.swift; sourceTree = "<group>"; };
		D067579D2AA9B7C300FDA559 /* BalsamiqSans-Regular.ttf */ = {isa = PBXFileReference; lastKnownFileType = file; path = "BalsamiqSans-Regular.ttf"; sourceTree = "<group>"; };
		D06757A12AA9B8B800FDA559 /* Info.plist */ = {isa = PBXFileReference; lastKnownFileType = text.plist; path = Info.plist; sourceTree = "<group>"; };
		D06757A22AA9BAEA00FDA559 /* SF-Compact-Rounded-Medium.otf */ = {isa = PBXFileReference; lastKnownFileType = file; path = "SF-Compact-Rounded-Medium.otf"; sourceTree = "<group>"; };
		D06757A72AA9BF2E00FDA559 /* BalsamiqSans-Bold.ttf */ = {isa = PBXFileReference; lastKnownFileType = file; path = "BalsamiqSans-Bold.ttf"; sourceTree = "<group>"; };
		D06757A82AA9BF2E00FDA559 /* BalsamiqSans-Italic.ttf */ = {isa = PBXFileReference; lastKnownFileType = file; path = "BalsamiqSans-Italic.ttf"; sourceTree = "<group>"; };
		D06757A92AA9BF2E00FDA559 /* BalsamiqSans-BoldItalic.ttf */ = {isa = PBXFileReference; lastKnownFileType = file; path = "BalsamiqSans-BoldItalic.ttf"; sourceTree = "<group>"; };
		D06757AF2AA9E84200FDA559 /* GamesView.swift */ = {isa = PBXFileReference; lastKnownFileType = sourcecode.swift; path = GamesView.swift; sourceTree = "<group>"; };
		D0C0676E2A9607930023E127 /* ParentalControl.swift */ = {isa = PBXFileReference; lastKnownFileType = sourcecode.swift; path = ParentalControl.swift; sourceTree = "<group>"; };
		D0D3E2412B0E06AE00BFA116 /* AddNewQuestion.swift */ = {isa = PBXFileReference; lastKnownFileType = sourcecode.swift; path = AddNewQuestion.swift; sourceTree = "<group>"; };
		D0D3E2432B0E11A800BFA116 /* AllUserQuestions.swift */ = {isa = PBXFileReference; lastKnownFileType = sourcecode.swift; path = AllUserQuestions.swift; sourceTree = "<group>"; };
		D0D3E2452B0E2FA200BFA116 /* AuthorView.swift */ = {isa = PBXFileReference; lastKnownFileType = sourcecode.swift; path = AuthorView.swift; sourceTree = "<group>"; };
		D0E4DD962A82866B0039BAE9 /* ProfileView.swift */ = {isa = PBXFileReference; lastKnownFileType = sourcecode.swift; path = ProfileView.swift; sourceTree = "<group>"; };
		D0E4DD9A2A88C0BC0039BAE9 /* TaskListView.swift */ = {isa = PBXFileReference; lastKnownFileType = sourcecode.swift; path = TaskListView.swift; sourceTree = "<group>"; };
		D0E4DD9C2A88C1C80039BAE9 /* ChatView.swift */ = {isa = PBXFileReference; lastKnownFileType = sourcecode.swift; path = ChatView.swift; sourceTree = "<group>"; };
		D0E4DD9E2A88C3110039BAE9 /* FlashcardsView.swift */ = {isa = PBXFileReference; lastKnownFileType = sourcecode.swift; path = FlashcardsView.swift; sourceTree = "<group>"; };
		D0E4DDA02A88C3890039BAE9 /* InstructionView.swift */ = {isa = PBXFileReference; lastKnownFileType = sourcecode.swift; path = InstructionView.swift; sourceTree = "<group>"; };
		D0E4DDA82A88E3B60039BAE9 /* PINCheck.swift */ = {isa = PBXFileReference; lastKnownFileType = sourcecode.swift; path = PINCheck.swift; sourceTree = "<group>"; };
		D0F9BDC92B0365C3003F6996 /* RankView.swift */ = {isa = PBXFileReference; lastKnownFileType = sourcecode.swift; path = RankView.swift; sourceTree = "<group>"; };
		D0F9BDCB2B036C90003F6996 /* RankViewModel.swift */ = {isa = PBXFileReference; lastKnownFileType = sourcecode.swift; path = RankViewModel.swift; sourceTree = "<group>"; };
		D0F9D8A82AF3A30900225BF5 /* LevelBox.swift */ = {isa = PBXFileReference; lastKnownFileType = sourcecode.swift; path = LevelBox.swift; sourceTree = "<group>"; };
		D0F9D8AA2AF3A36300225BF5 /* QuizTitle.swift */ = {isa = PBXFileReference; lastKnownFileType = sourcecode.swift; path = QuizTitle.swift; sourceTree = "<group>"; };
		D0F9D8AD2AF3A41000225BF5 /* Background.swift */ = {isa = PBXFileReference; lastKnownFileType = sourcecode.swift; path = Background.swift; sourceTree = "<group>"; };
		D0F9D8AF2AF3A55000225BF5 /* PolishGamesView.swift */ = {isa = PBXFileReference; lastKnownFileType = sourcecode.swift; path = PolishGamesView.swift; sourceTree = "<group>"; };
		D0F9D8B12AF3A72800225BF5 /* EnglishGamesView.swift */ = {isa = PBXFileReference; lastKnownFileType = sourcecode.swift; path = EnglishGamesView.swift; sourceTree = "<group>"; };
		D0F9D8B32AF3A87F00225BF5 /* OnlyQuestionView.swift */ = {isa = PBXFileReference; lastKnownFileType = sourcecode.swift; path = OnlyQuestionView.swift; sourceTree = "<group>"; };
/* End PBXFileReference section */

/* Begin PBXFrameworksBuildPhase section */
		D04CD3512A80D33D0051296E /* Frameworks */ = {
			isa = PBXFrameworksBuildPhase;
			buildActionMask = 2147483647;
			files = (
				D04CD3892A80D4A30051296E /* FirebaseDatabase in Frameworks */,
				D04CD38B2A80D4A30051296E /* FirebaseFirestore in Frameworks */,
				D04CD3852A80D4A30051296E /* FirebaseAnalytics in Frameworks */,
				D04CD38D2A80D4A30051296E /* FirebaseStorage in Frameworks */,
				D04CD3872A80D4A30051296E /* FirebaseAuth in Frameworks */,
				D06543E42AC4553900072EBA /* FirebaseFirestoreSwift in Frameworks */,
			);
			runOnlyForDeploymentPostprocessing = 0;
		};
		D04CD3612A80D33E0051296E /* Frameworks */ = {
			isa = PBXFrameworksBuildPhase;
			buildActionMask = 2147483647;
			files = (
			);
			runOnlyForDeploymentPostprocessing = 0;
		};
		D04CD36B2A80D33E0051296E /* Frameworks */ = {
			isa = PBXFrameworksBuildPhase;
			buildActionMask = 2147483647;
			files = (
			);
			runOnlyForDeploymentPostprocessing = 0;
		};
/* End PBXFrameworksBuildPhase section */

/* Begin PBXGroup section */
		D03749982AD584B900EAE96A /* Flashcards */ = {
			isa = PBXGroup;
			children = (
				D03749992AD584D100EAE96A /* AddNewCardView.swift */,
				D037499B2AD5932A00EAE96A /* UpdateCardView.swift */,
				D038BCE22AF8EEA500F54EBD /* FlashcardView.swift */,
				D038BCE42AF8EEFB00F54EBD /* FlashcardListView.swift */,
			);
			path = Flashcards;
			sourceTree = "<group>";
		};
		D04CD34B2A80D33D0051296E = {
			isa = PBXGroup;
			children = (
				D04CD3562A80D33D0051296E /* EduMini */,
				D04CD3672A80D33E0051296E /* EduMiniTests */,
				D04CD3712A80D33E0051296E /* EduMiniUITests */,
				D04CD3552A80D33D0051296E /* Products */,
				D06543E22AC4553900072EBA /* Frameworks */,
			);
			sourceTree = "<group>";
		};
		D04CD3552A80D33D0051296E /* Products */ = {
			isa = PBXGroup;
			children = (
				D04CD3542A80D33D0051296E /* EduMini.app */,
				D04CD3642A80D33E0051296E /* EduMiniTests.xctest */,
				D04CD36E2A80D33E0051296E /* EduMiniUITests.xctest */,
			);
			name = Products;
			sourceTree = "<group>";
		};
		D04CD3562A80D33D0051296E /* EduMini */ = {
			isa = PBXGroup;
			children = (
				D06543CF2AC4042100072EBA /* ViewModels */,
				D06543CE2AC402E000072EBA /* App */,
				D06757A62AA9BF1B00FDA559 /* CustomFonts */,
				D06757A12AA9B8B800FDA559 /* Info.plist */,
				D04CD39D2A80E6D10051296E /* Views */,
				D04CD39A2A80E5420051296E /* Models */,
				D04CD3812A80D4370051296E /* GoogleService-Info.plist */,
				D04CD35B2A80D33E0051296E /* Assets.xcassets */,
				D04CD35D2A80D33E0051296E /* Preview Content */,
			);
			path = EduMini;
			sourceTree = "<group>";
		};
		D04CD35D2A80D33E0051296E /* Preview Content */ = {
			isa = PBXGroup;
			children = (
				D04CD35E2A80D33E0051296E /* Preview Assets.xcassets */,
			);
			path = "Preview Content";
			sourceTree = "<group>";
		};
		D04CD3672A80D33E0051296E /* EduMiniTests */ = {
			isa = PBXGroup;
			children = (
				D04CD3682A80D33E0051296E /* EduMiniTests.swift */,
			);
			path = EduMiniTests;
			sourceTree = "<group>";
		};
		D04CD3712A80D33E0051296E /* EduMiniUITests */ = {
			isa = PBXGroup;
			children = (
				D04CD3722A80D33E0051296E /* EduMiniUITests.swift */,
				D04CD3742A80D33E0051296E /* EduMiniUITestsLaunchTests.swift */,
			);
			path = EduMiniUITests;
			sourceTree = "<group>";
		};
		D04CD39A2A80E5420051296E /* Models */ = {
			isa = PBXGroup;
			children = (
				D04CD39B2A80E54B0051296E /* AppUser.swift */,
				D06543DA2AC4433500072EBA /* Task.swift */,
				D0661A072AD4028A00D21759 /* ChatMessage.swift */,
				D0661A092AD402A100D21759 /* RecentMessage.swift */,
				D0661A0B2AD402EA00D21759 /* FirebaseConstants.swift */,
				D03749942AD5625700EAE96A /* Flashcard.swift */,
				D06199412AF13E7400A90444 /* Question.swift */,
			);
			path = Models;
			sourceTree = "<group>";
		};
		D04CD39D2A80E6D10051296E /* Views */ = {
			isa = PBXGroup;
			children = (
				D0F9D8AC2AF3A3E300225BF5 /* ViewElements */,
				D061993C2AF125CC00A90444 /* Quiz */,
				D03749982AD584B900EAE96A /* Flashcards */,
				D0661A112AD404AB00D21759 /* Chat */,
				D04CD3592A80D33D0051296E /* ContentView.swift */,
				D04CD38F2A80E2810051296E /* HelloPage.swift */,
				D04CD3AF2A8109880051296E /* MainView.swift */,
				D0C0676D2A9606CC0023E127 /* ProfileSettings */,
				D0E4DDA42A88CE4C0039BAE9 /* Tabs */,
				D04CD3A02A80E7DA0051296E /* TextFiels */,
				D04CD39E2A80E6DF0051296E /* LoginView.swift */,
				D04CD3A92A80F2D90051296E /* RegisterView.swift */,
				D06757AF2AA9E84200FDA559 /* GamesView.swift */,
			);
			path = Views;
			sourceTree = "<group>";
		};
		D04CD3A02A80E7DA0051296E /* TextFiels */ = {
			isa = PBXGroup;
			children = (
				D04CD3A12A80E7F30051296E /* TextFieldName.swift */,
				D04CD3A32A80E89D0051296E /* LoginEnums.swift */,
				D04CD3A52A80E8C70051296E /* CheckValid.swift */,
				D04CD3A72A80E8E80051296E /* TextFieldHint.swift */,
			);
			path = TextFiels;
			sourceTree = "<group>";
		};
		D061993C2AF125CC00A90444 /* Quiz */ = {
			isa = PBXGroup;
			children = (
				D061993F2AF1368A00A90444 /* QuestionView.swift */,
				D0F9D8A82AF3A30900225BF5 /* LevelBox.swift */,
				D0F9D8AA2AF3A36300225BF5 /* QuizTitle.swift */,
				D0F9D8B32AF3A87F00225BF5 /* OnlyQuestionView.swift */,
				D0D3E2412B0E06AE00BFA116 /* AddNewQuestion.swift */,
				D0D3E2432B0E11A800BFA116 /* AllUserQuestions.swift */,
			);
			path = Quiz;
			sourceTree = "<group>";
		};
		D06543CE2AC402E000072EBA /* App */ = {
			isa = PBXGroup;
			children = (
				D04CD3982A80E40F0051296E /* FirebaseManager.swift */,
				D04CD3572A80D33D0051296E /* SceneDelegate.swift */,
				D06543D02AC4071A00072EBA /* AppDelegate.swift */,
			);
			path = App;
			sourceTree = "<group>";
		};
		D06543CF2AC4042100072EBA /* ViewModels */ = {
			isa = PBXGroup;
			children = (
				D04CD3AB2A80F3250051296E /* AppViewModel.swift */,
				D06543D22AC4088600072EBA /* UserProfileViewModel.swift */,
				D06543D42AC4089600072EBA /* ParentalControlViewModel.swift */,
				D06543DE2AC44B6200072EBA /* TaskListViewModel.swift */,
				D06543E02AC44B7000072EBA /* TaskCellViewModel.swift */,
				D06543DC2AC4491200072EBA /* TaskViewModel.swift */,
				D0661A0D2AD403CA00D21759 /* MainMessagesViewModel.swift */,
				D0661A0F2AD4041700D21759 /* ChatLogViewModel.swift */,
				D03749962AD5627700EAE96A /* FlashcardViewModel.swift */,
				D06199432AF13FDB00A90444 /* QuestionViewModel.swift */,
				D0F9BDCB2B036C90003F6996 /* RankViewModel.swift */,
				D06543D82AC424EC00072EBA /* UserSettingViewModel.swift */,
			);
			path = ViewModels;
			sourceTree = "<group>";
		};
		D06543E22AC4553900072EBA /* Frameworks */ = {
			isa = PBXGroup;
			children = (
			);
			name = Frameworks;
			sourceTree = "<group>";
		};
		D0661A112AD404AB00D21759 /* Chat */ = {
			isa = PBXGroup;
			children = (
				D0661A122AD404BB00D21759 /* MessageView.swift */,
				D0661A142AD4065C00D21759 /* AllMessages.swift */,
				D0661A162AD4069600D21759 /* ChatLogView.swift */,
				D0661A182AD406B800D21759 /* MainMessageView.swift */,
				D0661A1C2AD407A700D21759 /* NewMessageUsers.swift */,
			);
			path = Chat;
			sourceTree = "<group>";
		};
		D06757A62AA9BF1B00FDA559 /* CustomFonts */ = {
			isa = PBXGroup;
			children = (
				D06757A72AA9BF2E00FDA559 /* BalsamiqSans-Bold.ttf */,
				D06757A92AA9BF2E00FDA559 /* BalsamiqSans-BoldItalic.ttf */,
				D06757A82AA9BF2E00FDA559 /* BalsamiqSans-Italic.ttf */,
				D06757A22AA9BAEA00FDA559 /* SF-Compact-Rounded-Medium.otf */,
				D067579D2AA9B7C300FDA559 /* BalsamiqSans-Regular.ttf */,
			);
			path = CustomFonts;
			sourceTree = "<group>";
		};
		D0C0676D2A9606CC0023E127 /* ProfileSettings */ = {
			isa = PBXGroup;
			children = (
				D0E4DDA82A88E3B60039BAE9 /* PINCheck.swift */,
				D0C0676E2A9607930023E127 /* ParentalControl.swift */,
			);
			path = ProfileSettings;
			sourceTree = "<group>";
		};
		D0E4DDA42A88CE4C0039BAE9 /* Tabs */ = {
			isa = PBXGroup;
			children = (
				D0E4DD9A2A88C0BC0039BAE9 /* TaskListView.swift */,
				D0E4DDA02A88C3890039BAE9 /* InstructionView.swift */,
				D0E4DD9E2A88C3110039BAE9 /* FlashcardsView.swift */,
				D0E4DD9C2A88C1C80039BAE9 /* ChatView.swift */,
				D0E4DD962A82866B0039BAE9 /* ProfileView.swift */,
				D061993D2AF1266300A90444 /* MathGamesView.swift */,
				D0F9D8AF2AF3A55000225BF5 /* PolishGamesView.swift */,
				D0F9D8B12AF3A72800225BF5 /* EnglishGamesView.swift */,
				D0F9BDC92B0365C3003F6996 /* RankView.swift */,
				D0D3E2452B0E2FA200BFA116 /* AuthorView.swift */,
			);
			path = Tabs;
			sourceTree = "<group>";
		};
		D0F9D8AC2AF3A3E300225BF5 /* ViewElements */ = {
			isa = PBXGroup;
			children = (
				D0F9D8AD2AF3A41000225BF5 /* Background.swift */,
			);
			path = ViewElements;
			sourceTree = "<group>";
		};
/* End PBXGroup section */

/* Begin PBXNativeTarget section */
		D04CD3532A80D33D0051296E /* EduMini */ = {
			isa = PBXNativeTarget;
			buildConfigurationList = D04CD3782A80D33E0051296E /* Build configuration list for PBXNativeTarget "EduMini" */;
			buildPhases = (
				D04CD3502A80D33D0051296E /* Sources */,
				D04CD3512A80D33D0051296E /* Frameworks */,
				D04CD3522A80D33D0051296E /* Resources */,
			);
			buildRules = (
			);
			dependencies = (
			);
			name = EduMini;
			packageProductDependencies = (
				D04CD3842A80D4A30051296E /* FirebaseAnalytics */,
				D04CD3862A80D4A30051296E /* FirebaseAuth */,
				D04CD3882A80D4A30051296E /* FirebaseDatabase */,
				D04CD38A2A80D4A30051296E /* FirebaseFirestore */,
				D04CD38C2A80D4A30051296E /* FirebaseStorage */,
				D06543E32AC4553900072EBA /* FirebaseFirestoreSwift */,
			);
			productName = EduMini;
			productReference = D04CD3542A80D33D0051296E /* EduMini.app */;
			productType = "com.apple.product-type.application";
		};
		D04CD3632A80D33E0051296E /* EduMiniTests */ = {
			isa = PBXNativeTarget;
			buildConfigurationList = D04CD37B2A80D33E0051296E /* Build configuration list for PBXNativeTarget "EduMiniTests" */;
			buildPhases = (
				D04CD3602A80D33E0051296E /* Sources */,
				D04CD3612A80D33E0051296E /* Frameworks */,
				D04CD3622A80D33E0051296E /* Resources */,
			);
			buildRules = (
			);
			dependencies = (
				D04CD3662A80D33E0051296E /* PBXTargetDependency */,
			);
			name = EduMiniTests;
			productName = EduMiniTests;
			productReference = D04CD3642A80D33E0051296E /* EduMiniTests.xctest */;
			productType = "com.apple.product-type.bundle.unit-test";
		};
		D04CD36D2A80D33E0051296E /* EduMiniUITests */ = {
			isa = PBXNativeTarget;
			buildConfigurationList = D04CD37E2A80D33E0051296E /* Build configuration list for PBXNativeTarget "EduMiniUITests" */;
			buildPhases = (
				D04CD36A2A80D33E0051296E /* Sources */,
				D04CD36B2A80D33E0051296E /* Frameworks */,
				D04CD36C2A80D33E0051296E /* Resources */,
			);
			buildRules = (
			);
			dependencies = (
				D04CD3702A80D33E0051296E /* PBXTargetDependency */,
			);
			name = EduMiniUITests;
			productName = EduMiniUITests;
			productReference = D04CD36E2A80D33E0051296E /* EduMiniUITests.xctest */;
			productType = "com.apple.product-type.bundle.ui-testing";
		};
/* End PBXNativeTarget section */

/* Begin PBXProject section */
		D04CD34C2A80D33D0051296E /* Project object */ = {
			isa = PBXProject;
			attributes = {
				BuildIndependentTargetsInParallel = 1;
				LastSwiftUpdateCheck = 1430;
				LastUpgradeCheck = 1500;
				TargetAttributes = {
					D04CD3532A80D33D0051296E = {
						CreatedOnToolsVersion = 14.3.1;
					};
					D04CD3632A80D33E0051296E = {
						CreatedOnToolsVersion = 14.3.1;
						TestTargetID = D04CD3532A80D33D0051296E;
					};
					D04CD36D2A80D33E0051296E = {
						CreatedOnToolsVersion = 14.3.1;
						TestTargetID = D04CD3532A80D33D0051296E;
					};
				};
			};
			buildConfigurationList = D04CD34F2A80D33D0051296E /* Build configuration list for PBXProject "EduMini" */;
			compatibilityVersion = "Xcode 14.0";
			developmentRegion = en;
			hasScannedForEncodings = 0;
			knownRegions = (
				en,
				Base,
			);
			mainGroup = D04CD34B2A80D33D0051296E;
			packageReferences = (
				D04CD3832A80D4A30051296E /* XCRemoteSwiftPackageReference "firebase-ios-sdk" */,
			);
			productRefGroup = D04CD3552A80D33D0051296E /* Products */;
			projectDirPath = "";
			projectRoot = "";
			targets = (
				D04CD3532A80D33D0051296E /* EduMini */,
				D04CD3632A80D33E0051296E /* EduMiniTests */,
				D04CD36D2A80D33E0051296E /* EduMiniUITests */,
			);
		};
/* End PBXProject section */

/* Begin PBXResourcesBuildPhase section */
		D04CD3522A80D33D0051296E /* Resources */ = {
			isa = PBXResourcesBuildPhase;
			buildActionMask = 2147483647;
			files = (
				D06757AA2AA9BF9B00FDA559 /* BalsamiqSans-Bold.ttf in Resources */,
				D06757AB2AA9BF9B00FDA559 /* BalsamiqSans-BoldItalic.ttf in Resources */,
				D06757AC2AA9BF9B00FDA559 /* BalsamiqSans-Italic.ttf in Resources */,
				D06757AD2AA9BF9B00FDA559 /* SF-Compact-Rounded-Medium.otf in Resources */,
				D06757AE2AA9BF9B00FDA559 /* BalsamiqSans-Regular.ttf in Resources */,
				D04CD35F2A80D33E0051296E /* Preview Assets.xcassets in Resources */,
				D04CD35C2A80D33E0051296E /* Assets.xcassets in Resources */,
				D04CD3822A80D4370051296E /* GoogleService-Info.plist in Resources */,
			);
			runOnlyForDeploymentPostprocessing = 0;
		};
		D04CD3622A80D33E0051296E /* Resources */ = {
			isa = PBXResourcesBuildPhase;
			buildActionMask = 2147483647;
			files = (
			);
			runOnlyForDeploymentPostprocessing = 0;
		};
		D04CD36C2A80D33E0051296E /* Resources */ = {
			isa = PBXResourcesBuildPhase;
			buildActionMask = 2147483647;
			files = (
			);
			runOnlyForDeploymentPostprocessing = 0;
		};
/* End PBXResourcesBuildPhase section */

/* Begin PBXSourcesBuildPhase section */
		D04CD3502A80D33D0051296E /* Sources */ = {
			isa = PBXSourcesBuildPhase;
			buildActionMask = 2147483647;
			files = (
				D06543D12AC4071A00072EBA /* AppDelegate.swift in Sources */,
				D04CD3AA2A80F2D90051296E /* RegisterView.swift in Sources */,
				D0F9BDCC2B036C90003F6996 /* RankViewModel.swift in Sources */,
				D03749972AD5627700EAE96A /* FlashcardViewModel.swift in Sources */,
				D0F9D8B22AF3A72800225BF5 /* EnglishGamesView.swift in Sources */,
				D0661A192AD406B800D21759 /* MainMessageView.swift in Sources */,
				D04CD3B02A8109880051296E /* MainView.swift in Sources */,
				D06543E12AC44B7000072EBA /* TaskCellViewModel.swift in Sources */,
				D0F9BDCA2B0365C3003F6996 /* RankView.swift in Sources */,
				D03749952AD5625700EAE96A /* Flashcard.swift in Sources */,
				D0661A082AD4028A00D21759 /* ChatMessage.swift in Sources */,
				D0C0676F2A9607930023E127 /* ParentalControl.swift in Sources */,
				D0D3E2442B0E11A800BFA116 /* AllUserQuestions.swift in Sources */,
				D04CD3A22A80E7F30051296E /* TextFieldName.swift in Sources */,
				D0E4DD9D2A88C1C80039BAE9 /* ChatView.swift in Sources */,
				D0F9D8B42AF3A87F00225BF5 /* OnlyQuestionView.swift in Sources */,
				D04CD3AC2A80F3250051296E /* AppViewModel.swift in Sources */,
				D06543DD2AC4491200072EBA /* TaskViewModel.swift in Sources */,
				D0661A102AD4041700D21759 /* ChatLogViewModel.swift in Sources */,
				D0661A132AD404BB00D21759 /* MessageView.swift in Sources */,
				D0D3E2422B0E06AE00BFA116 /* AddNewQuestion.swift in Sources */,
				D04CD39F2A80E6DF0051296E /* LoginView.swift in Sources */,
				D04CD3992A80E40F0051296E /* FirebaseManager.swift in Sources */,
				D06757B02AA9E84200FDA559 /* GamesView.swift in Sources */,
				D06543DB2AC4433500072EBA /* Task.swift in Sources */,
				D06543D32AC4088600072EBA /* UserProfileViewModel.swift in Sources */,
				D0661A1D2AD407A700D21759 /* NewMessageUsers.swift in Sources */,
				D06199442AF13FDB00A90444 /* QuestionViewModel.swift in Sources */,
				D0F9D8B02AF3A55000225BF5 /* PolishGamesView.swift in Sources */,
				D06199422AF13E7400A90444 /* Question.swift in Sources */,
				D06199402AF1368A00A90444 /* QuestionView.swift in Sources */,
				D037499A2AD584D100EAE96A /* AddNewCardView.swift in Sources */,
				D0E4DDA12A88C3890039BAE9 /* InstructionView.swift in Sources */,
				D0E4DD9F2A88C3110039BAE9 /* FlashcardsView.swift in Sources */,
				D061993E2AF1266300A90444 /* MathGamesView.swift in Sources */,
				D0F9D8AB2AF3A36300225BF5 /* QuizTitle.swift in Sources */,
				D06543DF2AC44B6200072EBA /* TaskListViewModel.swift in Sources */,
				D0E4DD972A82866B0039BAE9 /* ProfileView.swift in Sources */,
				D0661A0C2AD402EA00D21759 /* FirebaseConstants.swift in Sources */,
				D0F9D8A92AF3A30900225BF5 /* LevelBox.swift in Sources */,
				D0661A0A2AD402A100D21759 /* RecentMessage.swift in Sources */,
				D04CD35A2A80D33D0051296E /* ContentView.swift in Sources */,
				D06543D52AC4089600072EBA /* ParentalControlViewModel.swift in Sources */,
				D04CD3A42A80E89D0051296E /* LoginEnums.swift in Sources */,
				D038BCE32AF8EEA500F54EBD /* FlashcardView.swift in Sources */,
				D0F9D8AE2AF3A41000225BF5 /* Background.swift in Sources */,
				D04CD39C2A80E54C0051296E /* AppUser.swift in Sources */,
				D0661A152AD4065C00D21759 /* AllMessages.swift in Sources */,
				D04CD3902A80E2810051296E /* HelloPage.swift in Sources */,
				D0D3E2462B0E2FA200BFA116 /* AuthorView.swift in Sources */,
				D037499C2AD5932A00EAE96A /* UpdateCardView.swift in Sources */,
				D04CD3582A80D33D0051296E /* SceneDelegate.swift in Sources */,
				D0E4DD9B2A88C0BC0039BAE9 /* TaskListView.swift in Sources */,
				D038BCE52AF8EEFB00F54EBD /* FlashcardListView.swift in Sources */,
				D06543D92AC424EC00072EBA /* UserSettingViewModel.swift in Sources */,
				D0661A172AD4069600D21759 /* ChatLogView.swift in Sources */,
				D04CD3A82A80E8E80051296E /* TextFieldHint.swift in Sources */,
				D0E4DDA92A88E3B60039BAE9 /* PINCheck.swift in Sources */,
				D04CD3A62A80E8C70051296E /* CheckValid.swift in Sources */,
				D0661A0E2AD403CA00D21759 /* MainMessagesViewModel.swift in Sources */,
			);
			runOnlyForDeploymentPostprocessing = 0;
		};
		D04CD3602A80D33E0051296E /* Sources */ = {
			isa = PBXSourcesBuildPhase;
			buildActionMask = 2147483647;
			files = (
				D04CD3692A80D33E0051296E /* EduMiniTests.swift in Sources */,
			);
			runOnlyForDeploymentPostprocessing = 0;
		};
		D04CD36A2A80D33E0051296E /* Sources */ = {
			isa = PBXSourcesBuildPhase;
			buildActionMask = 2147483647;
			files = (
				D04CD3752A80D33E0051296E /* EduMiniUITestsLaunchTests.swift in Sources */,
				D04CD3732A80D33E0051296E /* EduMiniUITests.swift in Sources */,
			);
			runOnlyForDeploymentPostprocessing = 0;
		};
/* End PBXSourcesBuildPhase section */

/* Begin PBXTargetDependency section */
		D04CD3662A80D33E0051296E /* PBXTargetDependency */ = {
			isa = PBXTargetDependency;
			target = D04CD3532A80D33D0051296E /* EduMini */;
			targetProxy = D04CD3652A80D33E0051296E /* PBXContainerItemProxy */;
		};
		D04CD3702A80D33E0051296E /* PBXTargetDependency */ = {
			isa = PBXTargetDependency;
			target = D04CD3532A80D33D0051296E /* EduMini */;
			targetProxy = D04CD36F2A80D33E0051296E /* PBXContainerItemProxy */;
		};
/* End PBXTargetDependency section */

/* Begin XCBuildConfiguration section */
		D04CD3762A80D33E0051296E /* Debug */ = {
			isa = XCBuildConfiguration;
			buildSettings = {
				ALWAYS_SEARCH_USER_PATHS = NO;
				CLANG_ANALYZER_NONNULL = YES;
				CLANG_ANALYZER_NUMBER_OBJECT_CONVERSION = YES_AGGRESSIVE;
				CLANG_CXX_LANGUAGE_STANDARD = "gnu++20";
				CLANG_ENABLE_MODULES = YES;
				CLANG_ENABLE_OBJC_ARC = YES;
				CLANG_ENABLE_OBJC_WEAK = YES;
				CLANG_WARN_BLOCK_CAPTURE_AUTORELEASING = YES;
				CLANG_WARN_BOOL_CONVERSION = YES;
				CLANG_WARN_COMMA = YES;
				CLANG_WARN_CONSTANT_CONVERSION = YES;
				CLANG_WARN_DEPRECATED_OBJC_IMPLEMENTATIONS = YES;
				CLANG_WARN_DIRECT_OBJC_ISA_USAGE = YES_ERROR;
				CLANG_WARN_DOCUMENTATION_COMMENTS = YES;
				CLANG_WARN_EMPTY_BODY = YES;
				CLANG_WARN_ENUM_CONVERSION = YES;
				CLANG_WARN_INFINITE_RECURSION = YES;
				CLANG_WARN_INT_CONVERSION = YES;
				CLANG_WARN_NON_LITERAL_NULL_CONVERSION = YES;
				CLANG_WARN_OBJC_IMPLICIT_RETAIN_SELF = YES;
				CLANG_WARN_OBJC_LITERAL_CONVERSION = YES;
				CLANG_WARN_OBJC_ROOT_CLASS = YES_ERROR;
				CLANG_WARN_QUOTED_INCLUDE_IN_FRAMEWORK_HEADER = YES;
				CLANG_WARN_RANGE_LOOP_ANALYSIS = YES;
				CLANG_WARN_STRICT_PROTOTYPES = YES;
				CLANG_WARN_SUSPICIOUS_MOVE = YES;
				CLANG_WARN_UNGUARDED_AVAILABILITY = YES_AGGRESSIVE;
				CLANG_WARN_UNREACHABLE_CODE = YES;
				CLANG_WARN__DUPLICATE_METHOD_MATCH = YES;
				COPY_PHASE_STRIP = NO;
				DEBUG_INFORMATION_FORMAT = dwarf;
				ENABLE_STRICT_OBJC_MSGSEND = YES;
				ENABLE_TESTABILITY = YES;
				ENABLE_USER_SCRIPT_SANDBOXING = YES;
				GCC_C_LANGUAGE_STANDARD = gnu11;
				GCC_DYNAMIC_NO_PIC = NO;
				GCC_NO_COMMON_BLOCKS = YES;
				GCC_OPTIMIZATION_LEVEL = 0;
				GCC_PREPROCESSOR_DEFINITIONS = (
					"DEBUG=1",
					"$(inherited)",
				);
				GCC_WARN_64_TO_32_BIT_CONVERSION = YES;
				GCC_WARN_ABOUT_RETURN_TYPE = YES_ERROR;
				GCC_WARN_UNDECLARED_SELECTOR = YES;
				GCC_WARN_UNINITIALIZED_AUTOS = YES_AGGRESSIVE;
				GCC_WARN_UNUSED_FUNCTION = YES;
				GCC_WARN_UNUSED_VARIABLE = YES;
				IPHONEOS_DEPLOYMENT_TARGET = 17.0;
				MTL_ENABLE_DEBUG_INFO = INCLUDE_SOURCE;
				MTL_FAST_MATH = YES;
				ONLY_ACTIVE_ARCH = YES;
				OTHER_LDFLAGS = (
					"-Xlinker",
					"-no_warn_duplicate_libraries",
				);
				SDKROOT = iphoneos;
				SWIFT_ACTIVE_COMPILATION_CONDITIONS = DEBUG;
				SWIFT_OPTIMIZATION_LEVEL = "-Onone";
			};
			name = Debug;
		};
		D04CD3772A80D33E0051296E /* Release */ = {
			isa = XCBuildConfiguration;
			buildSettings = {
				ALWAYS_SEARCH_USER_PATHS = NO;
				CLANG_ANALYZER_NONNULL = YES;
				CLANG_ANALYZER_NUMBER_OBJECT_CONVERSION = YES_AGGRESSIVE;
				CLANG_CXX_LANGUAGE_STANDARD = "gnu++20";
				CLANG_ENABLE_MODULES = YES;
				CLANG_ENABLE_OBJC_ARC = YES;
				CLANG_ENABLE_OBJC_WEAK = YES;
				CLANG_WARN_BLOCK_CAPTURE_AUTORELEASING = YES;
				CLANG_WARN_BOOL_CONVERSION = YES;
				CLANG_WARN_COMMA = YES;
				CLANG_WARN_CONSTANT_CONVERSION = YES;
				CLANG_WARN_DEPRECATED_OBJC_IMPLEMENTATIONS = YES;
				CLANG_WARN_DIRECT_OBJC_ISA_USAGE = YES_ERROR;
				CLANG_WARN_DOCUMENTATION_COMMENTS = YES;
				CLANG_WARN_EMPTY_BODY = YES;
				CLANG_WARN_ENUM_CONVERSION = YES;
				CLANG_WARN_INFINITE_RECURSION = YES;
				CLANG_WARN_INT_CONVERSION = YES;
				CLANG_WARN_NON_LITERAL_NULL_CONVERSION = YES;
				CLANG_WARN_OBJC_IMPLICIT_RETAIN_SELF = YES;
				CLANG_WARN_OBJC_LITERAL_CONVERSION = YES;
				CLANG_WARN_OBJC_ROOT_CLASS = YES_ERROR;
				CLANG_WARN_QUOTED_INCLUDE_IN_FRAMEWORK_HEADER = YES;
				CLANG_WARN_RANGE_LOOP_ANALYSIS = YES;
				CLANG_WARN_STRICT_PROTOTYPES = YES;
				CLANG_WARN_SUSPICIOUS_MOVE = YES;
				CLANG_WARN_UNGUARDED_AVAILABILITY = YES_AGGRESSIVE;
				CLANG_WARN_UNREACHABLE_CODE = YES;
				CLANG_WARN__DUPLICATE_METHOD_MATCH = YES;
				COPY_PHASE_STRIP = NO;
				DEBUG_INFORMATION_FORMAT = "dwarf-with-dsym";
				ENABLE_NS_ASSERTIONS = NO;
				ENABLE_STRICT_OBJC_MSGSEND = YES;
				ENABLE_USER_SCRIPT_SANDBOXING = YES;
				GCC_C_LANGUAGE_STANDARD = gnu11;
				GCC_NO_COMMON_BLOCKS = YES;
				GCC_WARN_64_TO_32_BIT_CONVERSION = YES;
				GCC_WARN_ABOUT_RETURN_TYPE = YES_ERROR;
				GCC_WARN_UNDECLARED_SELECTOR = YES;
				GCC_WARN_UNINITIALIZED_AUTOS = YES_AGGRESSIVE;
				GCC_WARN_UNUSED_FUNCTION = YES;
				GCC_WARN_UNUSED_VARIABLE = YES;
				IPHONEOS_DEPLOYMENT_TARGET = 17.0;
				MTL_ENABLE_DEBUG_INFO = NO;
				MTL_FAST_MATH = YES;
				OTHER_LDFLAGS = "-no_warn_duplicate_libraries";
				SDKROOT = iphoneos;
				SWIFT_COMPILATION_MODE = wholemodule;
				SWIFT_OPTIMIZATION_LEVEL = "-O";
				VALIDATE_PRODUCT = YES;
			};
			name = Release;
		};
		D04CD3792A80D33E0051296E /* Debug */ = {
			isa = XCBuildConfiguration;
			buildSettings = {
				ASSETCATALOG_COMPILER_APPICON_NAME = AppIcon;
				ASSETCATALOG_COMPILER_GLOBAL_ACCENT_COLOR_NAME = AccentColor;
				CODE_SIGN_STYLE = Automatic;
				CURRENT_PROJECT_VERSION = 1;
				DEVELOPMENT_ASSET_PATHS = "\"EduMini/Preview Content\"";
				DEVELOPMENT_TEAM = 3NH8XKCR79;
				ENABLE_PREVIEWS = YES;
				GENERATE_INFOPLIST_FILE = YES;
				INFOPLIST_FILE = EduMini/Info.plist;
				INFOPLIST_KEY_UIApplicationSceneManifest_Generation = YES;
				INFOPLIST_KEY_UIApplicationSupportsIndirectInputEvents = YES;
				INFOPLIST_KEY_UILaunchScreen_Generation = YES;
				INFOPLIST_KEY_UIRequiresFullScreen = YES;
				INFOPLIST_KEY_UISupportedInterfaceOrientations_iPad = "UIInterfaceOrientationPortrait UIInterfaceOrientationPortraitUpsideDown UIInterfaceOrientationLandscapeLeft UIInterfaceOrientationLandscapeRight";
				INFOPLIST_KEY_UISupportedInterfaceOrientations_iPhone = "UIInterfaceOrientationPortrait UIInterfaceOrientationLandscapeLeft UIInterfaceOrientationLandscapeRight";
				LD_RUNPATH_SEARCH_PATHS = (
					"$(inherited)",
					"@executable_path/Frameworks",
				);
				MARKETING_VERSION = 1.0;
				PRODUCT_BUNDLE_IDENTIFIER = paulinawyskiel.EduMini;
				PRODUCT_NAME = "$(TARGET_NAME)";
				SUPPORTED_PLATFORMS = "iphoneos iphonesimulator";
				SUPPORTS_MACCATALYST = NO;
				SUPPORTS_MAC_DESIGNED_FOR_IPHONE_IPAD = NO;
				SWIFT_EMIT_LOC_STRINGS = YES;
				SWIFT_VERSION = 5.0;
				TARGETED_DEVICE_FAMILY = "1,2";
			};
			name = Debug;
		};
		D04CD37A2A80D33E0051296E /* Release */ = {
			isa = XCBuildConfiguration;
			buildSettings = {
				ASSETCATALOG_COMPILER_APPICON_NAME = AppIcon;
				ASSETCATALOG_COMPILER_GLOBAL_ACCENT_COLOR_NAME = AccentColor;
				CODE_SIGN_STYLE = Automatic;
				CURRENT_PROJECT_VERSION = 1;
				DEVELOPMENT_ASSET_PATHS = "\"EduMini/Preview Content\"";
				DEVELOPMENT_TEAM = 3NH8XKCR79;
				ENABLE_PREVIEWS = YES;
				GENERATE_INFOPLIST_FILE = YES;
				INFOPLIST_FILE = EduMini/Info.plist;
				INFOPLIST_KEY_UIApplicationSceneManifest_Generation = YES;
				INFOPLIST_KEY_UIApplicationSupportsIndirectInputEvents = YES;
				INFOPLIST_KEY_UILaunchScreen_Generation = YES;
				INFOPLIST_KEY_UIRequiresFullScreen = YES;
				INFOPLIST_KEY_UISupportedInterfaceOrientations_iPad = "UIInterfaceOrientationPortrait UIInterfaceOrientationPortraitUpsideDown UIInterfaceOrientationLandscapeLeft UIInterfaceOrientationLandscapeRight";
				INFOPLIST_KEY_UISupportedInterfaceOrientations_iPhone = "UIInterfaceOrientationPortrait UIInterfaceOrientationLandscapeLeft UIInterfaceOrientationLandscapeRight";
				LD_RUNPATH_SEARCH_PATHS = (
					"$(inherited)",
					"@executable_path/Frameworks",
				);
				MARKETING_VERSION = 1.0;
				PRODUCT_BUNDLE_IDENTIFIER = paulinawyskiel.EduMini;
				PRODUCT_NAME = "$(TARGET_NAME)";
				SUPPORTED_PLATFORMS = "iphoneos iphonesimulator";
				SUPPORTS_MACCATALYST = NO;
				SUPPORTS_MAC_DESIGNED_FOR_IPHONE_IPAD = NO;
				SWIFT_EMIT_LOC_STRINGS = YES;
				SWIFT_VERSION = 5.0;
				TARGETED_DEVICE_FAMILY = "1,2";
			};
			name = Release;
		};
		D04CD37C2A80D33E0051296E /* Debug */ = {
			isa = XCBuildConfiguration;
			buildSettings = {
				ALWAYS_EMBED_SWIFT_STANDARD_LIBRARIES = YES;
				BUNDLE_LOADER = "$(TEST_HOST)";
				CODE_SIGN_STYLE = Automatic;
				CURRENT_PROJECT_VERSION = 1;
				DEVELOPMENT_TEAM = 3NH8XKCR79;
				GENERATE_INFOPLIST_FILE = YES;
				IPHONEOS_DEPLOYMENT_TARGET = 16.4;
				MARKETING_VERSION = 1.0;
				PRODUCT_BUNDLE_IDENTIFIER = paulinawyskiel.EduMiniTests;
				PRODUCT_NAME = "$(TARGET_NAME)";
				SWIFT_EMIT_LOC_STRINGS = NO;
				SWIFT_VERSION = 5.0;
				TARGETED_DEVICE_FAMILY = "1,2";
				TEST_HOST = "$(BUILT_PRODUCTS_DIR)/EduMini.app/$(BUNDLE_EXECUTABLE_FOLDER_PATH)/EduMini";
			};
			name = Debug;
		};
		D04CD37D2A80D33E0051296E /* Release */ = {
			isa = XCBuildConfiguration;
			buildSettings = {
				ALWAYS_EMBED_SWIFT_STANDARD_LIBRARIES = YES;
				BUNDLE_LOADER = "$(TEST_HOST)";
				CODE_SIGN_STYLE = Automatic;
				CURRENT_PROJECT_VERSION = 1;
				DEVELOPMENT_TEAM = 3NH8XKCR79;
				GENERATE_INFOPLIST_FILE = YES;
				IPHONEOS_DEPLOYMENT_TARGET = 16.4;
				MARKETING_VERSION = 1.0;
				PRODUCT_BUNDLE_IDENTIFIER = paulinawyskiel.EduMiniTests;
				PRODUCT_NAME = "$(TARGET_NAME)";
				SWIFT_EMIT_LOC_STRINGS = NO;
				SWIFT_VERSION = 5.0;
				TARGETED_DEVICE_FAMILY = "1,2";
				TEST_HOST = "$(BUILT_PRODUCTS_DIR)/EduMini.app/$(BUNDLE_EXECUTABLE_FOLDER_PATH)/EduMini";
			};
			name = Release;
		};
		D04CD37F2A80D33E0051296E /* Debug */ = {
			isa = XCBuildConfiguration;
			buildSettings = {
				ALWAYS_EMBED_SWIFT_STANDARD_LIBRARIES = YES;
				CODE_SIGN_STYLE = Automatic;
				CURRENT_PROJECT_VERSION = 1;
				DEVELOPMENT_TEAM = 3NH8XKCR79;
				GENERATE_INFOPLIST_FILE = YES;
				MARKETING_VERSION = 1.0;
				PRODUCT_BUNDLE_IDENTIFIER = paulinawyskiel.EduMiniUITests;
				PRODUCT_NAME = "$(TARGET_NAME)";
				SWIFT_EMIT_LOC_STRINGS = NO;
				SWIFT_VERSION = 5.0;
				TARGETED_DEVICE_FAMILY = "1,2";
				TEST_TARGET_NAME = EduMini;
			};
			name = Debug;
		};
		D04CD3802A80D33E0051296E /* Release */ = {
			isa = XCBuildConfiguration;
			buildSettings = {
				ALWAYS_EMBED_SWIFT_STANDARD_LIBRARIES = YES;
				CODE_SIGN_STYLE = Automatic;
				CURRENT_PROJECT_VERSION = 1;
				DEVELOPMENT_TEAM = 3NH8XKCR79;
				GENERATE_INFOPLIST_FILE = YES;
				MARKETING_VERSION = 1.0;
				PRODUCT_BUNDLE_IDENTIFIER = paulinawyskiel.EduMiniUITests;
				PRODUCT_NAME = "$(TARGET_NAME)";
				SWIFT_EMIT_LOC_STRINGS = NO;
				SWIFT_VERSION = 5.0;
				TARGETED_DEVICE_FAMILY = "1,2";
				TEST_TARGET_NAME = EduMini;
			};
			name = Release;
		};
/* End XCBuildConfiguration section */

/* Begin XCConfigurationList section */
		D04CD34F2A80D33D0051296E /* Build configuration list for PBXProject "EduMini" */ = {
			isa = XCConfigurationList;
			buildConfigurations = (
				D04CD3762A80D33E0051296E /* Debug */,
				D04CD3772A80D33E0051296E /* Release */,
			);
			defaultConfigurationIsVisible = 0;
			defaultConfigurationName = Release;
		};
		D04CD3782A80D33E0051296E /* Build configuration list for PBXNativeTarget "EduMini" */ = {
			isa = XCConfigurationList;
			buildConfigurations = (
				D04CD3792A80D33E0051296E /* Debug */,
				D04CD37A2A80D33E0051296E /* Release */,
			);
			defaultConfigurationIsVisible = 0;
			defaultConfigurationName = Release;
		};
		D04CD37B2A80D33E0051296E /* Build configuration list for PBXNativeTarget "EduMiniTests" */ = {
			isa = XCConfigurationList;
			buildConfigurations = (
				D04CD37C2A80D33E0051296E /* Debug */,
				D04CD37D2A80D33E0051296E /* Release */,
			);
			defaultConfigurationIsVisible = 0;
			defaultConfigurationName = Release;
		};
		D04CD37E2A80D33E0051296E /* Build configuration list for PBXNativeTarget "EduMiniUITests" */ = {
			isa = XCConfigurationList;
			buildConfigurations = (
				D04CD37F2A80D33E0051296E /* Debug */,
				D04CD3802A80D33E0051296E /* Release */,
			);
			defaultConfigurationIsVisible = 0;
			defaultConfigurationName = Release;
		};
/* End XCConfigurationList section */

/* Begin XCRemoteSwiftPackageReference section */
		D04CD3832A80D4A30051296E /* XCRemoteSwiftPackageReference "firebase-ios-sdk" */ = {
			isa = XCRemoteSwiftPackageReference;
			repositoryURL = "https://github.com/firebase/firebase-ios-sdk";
			requirement = {
				kind = upToNextMajorVersion;
				minimumVersion = 10.0.0;
			};
		};
/* End XCRemoteSwiftPackageReference section */

/* Begin XCSwiftPackageProductDependency section */
		D04CD3842A80D4A30051296E /* FirebaseAnalytics */ = {
			isa = XCSwiftPackageProductDependency;
			package = D04CD3832A80D4A30051296E /* XCRemoteSwiftPackageReference "firebase-ios-sdk" */;
			productName = FirebaseAnalytics;
		};
		D04CD3862A80D4A30051296E /* FirebaseAuth */ = {
			isa = XCSwiftPackageProductDependency;
			package = D04CD3832A80D4A30051296E /* XCRemoteSwiftPackageReference "firebase-ios-sdk" */;
			productName = FirebaseAuth;
		};
		D04CD3882A80D4A30051296E /* FirebaseDatabase */ = {
			isa = XCSwiftPackageProductDependency;
			package = D04CD3832A80D4A30051296E /* XCRemoteSwiftPackageReference "firebase-ios-sdk" */;
			productName = FirebaseDatabase;
		};
		D04CD38A2A80D4A30051296E /* FirebaseFirestore */ = {
			isa = XCSwiftPackageProductDependency;
			package = D04CD3832A80D4A30051296E /* XCRemoteSwiftPackageReference "firebase-ios-sdk" */;
			productName = FirebaseFirestore;
		};
		D04CD38C2A80D4A30051296E /* FirebaseStorage */ = {
			isa = XCSwiftPackageProductDependency;
			package = D04CD3832A80D4A30051296E /* XCRemoteSwiftPackageReference "firebase-ios-sdk" */;
			productName = FirebaseStorage;
		};
		D06543E32AC4553900072EBA /* FirebaseFirestoreSwift */ = {
			isa = XCSwiftPackageProductDependency;
			package = D04CD3832A80D4A30051296E /* XCRemoteSwiftPackageReference "firebase-ios-sdk" */;
			productName = FirebaseFirestoreSwift;
		};
/* End XCSwiftPackageProductDependency section */
	};
	rootObject = D04CD34C2A80D33D0051296E /* Project object */;
}
